
Microsoft Visual Studio Solution File, Format Version 12.00
# Visual Studio Version 16
VisualStudioVersion = 16.0.29709.97
MinimumVisualStudioVersion = 10.0.40219.1
Project("{9A19103F-16F7-4668-BE54-9A1E7A4F7556}") = "WebAPI", "WebAPI\WebAPI.csproj", "{6380C2DE-6EE4-4BE3-9CE8-8AFC187A0337}"
EndProject
Project("{2150E333-8FDC-42A3-9474-1A3956D46DE8}") = "FrontEnd", "FrontEnd", "{EDB4C4B8-E836-48F2-8BA3-72115C97486E}"
EndProject
Project("{2150E333-8FDC-42A3-9474-1A3956D46DE8}") = "BackEnd", "BackEnd", "{05BB6B87-EFD4-43F1-B926-DD0ECE0BE205}"
EndProject
Project("{9A19103F-16F7-4668-BE54-9A1E7A4F7556}") = "BlazorApp", "BlazorApp\BlazorApp.csproj", "{766A9D5F-6FC8-4349-8C1B-2A799A67911D}"
EndProject
Project("{FAE04EC0-301F-11D3-BF4B-00C04F79EFBC}") = "BlazorAppLibrary", "BlazorAppLibrary\BlazorAppLibrary.csproj", "{9BE7E13E-AF1C-4ABB-84C8-1C0D0E67F9F3}"
EndProject
Project("{FAE04EC0-301F-11D3-BF4B-00C04F79EFBC}") = "WebAPILibrary", "WebAPILibrary\WebAPILibrary.csproj", "{C10C94D8-B73E-4493-B0DF-A384C07CF111}"
EndProject
Global
	GlobalSection(SolutionConfigurationPlatforms) = preSolution
		Debug|Any CPU = Debug|Any CPU
		Release|Any CPU = Release|Any CPU
	EndGlobalSection
	GlobalSection(ProjectConfigurationPlatforms) = postSolution
		{6380C2DE-6EE4-4BE3-9CE8-8AFC187A0337}.Debug|Any CPU.ActiveCfg = Debug|Any CPU
		{6380C2DE-6EE4-4BE3-9CE8-8AFC187A0337}.Debug|Any CPU.Build.0 = Debug|Any CPU
		{6380C2DE-6EE4-4BE3-9CE8-8AFC187A0337}.Release|Any CPU.ActiveCfg = Release|Any CPU
		{6380C2DE-6EE4-4BE3-9CE8-8AFC187A0337}.Release|Any CPU.Build.0 = Release|Any CPU
		{766A9D5F-6FC8-4349-8C1B-2A799A67911D}.Debug|Any CPU.ActiveCfg = Debug|Any CPU
		{766A9D5F-6FC8-4349-8C1B-2A799A67911D}.Debug|Any CPU.Build.0 = Debug|Any CPU
		{766A9D5F-6FC8-4349-8C1B-2A799A67911D}.Release|Any CPU.ActiveCfg = Release|Any CPU
		{766A9D5F-6FC8-4349-8C1B-2A799A67911D}.Release|Any CPU.Build.0 = Release|Any CPU
		{9BE7E13E-AF1C-4ABB-84C8-1C0D0E67F9F3}.Debug|Any CPU.ActiveCfg = Debug|Any CPU
		{9BE7E13E-AF1C-4ABB-84C8-1C0D0E67F9F3}.Debug|Any CPU.Build.0 = Debug|Any CPU
		{9BE7E13E-AF1C-4ABB-84C8-1C0D0E67F9F3}.Release|Any CPU.ActiveCfg = Release|Any CPU
		{9BE7E13E-AF1C-4ABB-84C8-1C0D0E67F9F3}.Release|Any CPU.Build.0 = Release|Any CPU
		{C10C94D8-B73E-4493-B0DF-A384C07CF111}.Debug|Any CPU.ActiveCfg = Debug|Any CPU
		{C10C94D8-B73E-4493-B0DF-A384C07CF111}.Debug|Any CPU.Build.0 = Debug|Any CPU
		{C10C94D8-B73E-4493-B0DF-A384C07CF111}.Release|Any CPU.ActiveCfg = Release|Any CPU
		{C10C94D8-B73E-4493-B0DF-A384C07CF111}.Release|Any CPU.Build.0 = Release|Any CPU
	EndGlobalSection
	GlobalSection(SolutionProperties) = preSolution
		HideSolutionNode = FALSE
	EndGlobalSection
	GlobalSection(NestedProjects) = preSolution
		{6380C2DE-6EE4-4BE3-9CE8-8AFC187A0337} = {05BB6B87-EFD4-43F1-B926-DD0ECE0BE205}
		{766A9D5F-6FC8-4349-8C1B-2A799A67911D} = {EDB4C4B8-E836-48F2-8BA3-72115C97486E}
		{9BE7E13E-AF1C-4ABB-84C8-1C0D0E67F9F3} = {EDB4C4B8-E836-48F2-8BA3-72115C97486E}
		{C10C94D8-B73E-4493-B0DF-A384C07CF111} = {05BB6B87-EFD4-43F1-B926-DD0ECE0BE205}
	EndGlobalSection
	GlobalSection(ExtensibilityGlobals) = postSolution
		SolutionGuid = {FA15BBEC-C723-4AB6-BC4B-9F1EB64FCD5F}
	EndGlobalSection
EndGlobal
